
Microsoft Visual Studio Solution File, Format Version 12.00
# Visual Studio 11
Project("{8BC9CEB8-8B4A-11D0-8D11-00A0C91BC942}") = "GALex", "GALex.vcxproj", "{55D67B0E-145C-4CDD-BC27-0DE87A86D821}"
EndProject
Project("{8BC9CEB8-8B4A-11D0-8D11-00A0C91BC942}") = "App1", "TestApps\App1\App1.vcxproj", "{460F0DAB-E24F-4015-89D2-7386F0A72141}"
EndProject
Project("{8BC9CEB8-8B4A-11D0-8D11-00A0C91BC942}") = "App2", "TestApps\App2\App2.vcxproj", "{BE217A8A-88CC-4169-B826-F6E311C2DE0B}"
EndProject
Project("{8BC9CEB8-8B4A-11D0-8D11-00A0C91BC942}") = "App3", "TestApps\App3\App3.vcxproj", "{A32AF66E-2A32-46DD-AACA-413BA01AAE39}"
EndProject
Project("{8BC9CEB8-8B4A-11D0-8D11-00A0C91BC942}") = "App4", "TestApps\App4\App4.vcxproj", "{C2497F96-8CEE-4775-B562-896921F1F824}"
EndProject
Project("{8BC9CEB8-8B4A-11D0-8D11-00A0C91BC942}") = "App5", "TestApps\App5\App5.vcxproj", "{9CD255F6-D00C-4F09-90E3-C57861544AD7}"
EndProject
Project("{8BC9CEB8-8B4A-11D0-8D11-00A0C91BC942}") = "App6", "TestApps\App6\App6.vcxproj", "{3EC97573-15E0-47B2-87C5-1B15C7832960}"
EndProject
Project("{8BC9CEB8-8B4A-11D0-8D11-00A0C91BC942}") = "Problems", "Problems\Problems.vcxproj", "{93560795-9ABC-4748-A161-F9166987B4D4}"
EndProject
Project("{8BC9CEB8-8B4A-11D0-8D11-00A0C91BC942}") = "App7", "TestApps\App7\App7.vcxproj", "{954EC643-56AE-4187-864A-0E7259BD28DA}"
EndProject
Project("{8BC9CEB8-8B4A-11D0-8D11-00A0C91BC942}") = "App8", "TestApps\App8\App8.vcxproj", "{F2A2ABB7-71C4-44E5-87B9-855E6DD907C7}"
EndProject
Global
	GlobalSection(SolutionConfigurationPlatforms) = preSolution
		Debug|Win32 = Debug|Win32
		Release|Win32 = Release|Win32
	EndGlobalSection
	GlobalSection(ProjectConfigurationPlatforms) = postSolution
		{3EC97573-15E0-47B2-87C5-1B15C7832960}.Debug|Win32.ActiveCfg = Debug|Win32
		{3EC97573-15E0-47B2-87C5-1B15C7832960}.Debug|Win32.Build.0 = Debug|Win32
		{3EC97573-15E0-47B2-87C5-1B15C7832960}.Release|Win32.ActiveCfg = Release|Win32
		{3EC97573-15E0-47B2-87C5-1B15C7832960}.Release|Win32.Build.0 = Release|Win32
		{460F0DAB-E24F-4015-89D2-7386F0A72141}.Debug|Win32.ActiveCfg = Debug|Win32
		{460F0DAB-E24F-4015-89D2-7386F0A72141}.Debug|Win32.Build.0 = Debug|Win32
		{460F0DAB-E24F-4015-89D2-7386F0A72141}.Release|Win32.ActiveCfg = Release|Win32
		{460F0DAB-E24F-4015-89D2-7386F0A72141}.Release|Win32.Build.0 = Release|Win32
		{55D67B0E-145C-4CDD-BC27-0DE87A86D821}.Debug|Win32.ActiveCfg = Debug|Win32
		{55D67B0E-145C-4CDD-BC27-0DE87A86D821}.Debug|Win32.Build.0 = Debug|Win32
		{55D67B0E-145C-4CDD-BC27-0DE87A86D821}.Release|Win32.ActiveCfg = Release|Win32
		{55D67B0E-145C-4CDD-BC27-0DE87A86D821}.Release|Win32.Build.0 = Release|Win32
		{93560795-9ABC-4748-A161-F9166987B4D4}.Debug|Win32.ActiveCfg = Debug|Win32
		{93560795-9ABC-4748-A161-F9166987B4D4}.Debug|Win32.Build.0 = Debug|Win32
		{93560795-9ABC-4748-A161-F9166987B4D4}.Release|Win32.ActiveCfg = Release|Win32
		{93560795-9ABC-4748-A161-F9166987B4D4}.Release|Win32.Build.0 = Release|Win32
		{954EC643-56AE-4187-864A-0E7259BD28DA}.Debug|Win32.ActiveCfg = Debug|Win32
		{954EC643-56AE-4187-864A-0E7259BD28DA}.Debug|Win32.Build.0 = Debug|Win32
		{954EC643-56AE-4187-864A-0E7259BD28DA}.Release|Win32.ActiveCfg = Release|Win32
		{954EC643-56AE-4187-864A-0E7259BD28DA}.Release|Win32.Build.0 = Release|Win32
		{9CD255F6-D00C-4F09-90E3-C57861544AD7}.Debug|Win32.ActiveCfg = Debug|Win32
		{9CD255F6-D00C-4F09-90E3-C57861544AD7}.Debug|Win32.Build.0 = Debug|Win32
		{9CD255F6-D00C-4F09-90E3-C57861544AD7}.Release|Win32.ActiveCfg = Release|Win32
		{9CD255F6-D00C-4F09-90E3-C57861544AD7}.Release|Win32.Build.0 = Release|Win32
		{A32AF66E-2A32-46DD-AACA-413BA01AAE39}.Debug|Win32.ActiveCfg = Debug|Win32
		{A32AF66E-2A32-46DD-AACA-413BA01AAE39}.Debug|Win32.Build.0 = Debug|Win32
		{A32AF66E-2A32-46DD-AACA-413BA01AAE39}.Release|Win32.ActiveCfg = Release|Win32
		{A32AF66E-2A32-46DD-AACA-413BA01AAE39}.Release|Win32.Build.0 = Release|Win32
		{BE217A8A-88CC-4169-B826-F6E311C2DE0B}.Debug|Win32.ActiveCfg = Debug|Win32
		{BE217A8A-88CC-4169-B826-F6E311C2DE0B}.Debug|Win32.Build.0 = Debug|Win32
		{BE217A8A-88CC-4169-B826-F6E311C2DE0B}.Release|Win32.ActiveCfg = Release|Win32
		{BE217A8A-88CC-4169-B826-F6E311C2DE0B}.Release|Win32.Build.0 = Release|Win32
		{C2497F96-8CEE-4775-B562-896921F1F824}.Debug|Win32.ActiveCfg = Debug|Win32
		{C2497F96-8CEE-4775-B562-896921F1F824}.Debug|Win32.Build.0 = Debug|Win32
		{C2497F96-8CEE-4775-B562-896921F1F824}.Release|Win32.ActiveCfg = Release|Win32
		{C2497F96-8CEE-4775-B562-896921F1F824}.Release|Win32.Build.0 = Release|Win32
		{F2A2ABB7-71C4-44E5-87B9-855E6DD907C7}.Debug|Win32.ActiveCfg = Debug|Win32
		{F2A2ABB7-71C4-44E5-87B9-855E6DD907C7}.Debug|Win32.Build.0 = Debug|Win32
		{F2A2ABB7-71C4-44E5-87B9-855E6DD907C7}.Release|Win32.ActiveCfg = Release|Win32
		{F2A2ABB7-71C4-44E5-87B9-855E6DD907C7}.Release|Win32.Build.0 = Release|Win32
	EndGlobalSection
	GlobalSection(SolutionProperties) = preSolution
		HideSolutionNode = FALSE
	EndGlobalSection
EndGlobal
